
Microsoft Visual Studio Solution File, Format Version 12.00
# Visual Studio Version 16
VisualStudioVersion = 16.0.30804.86
MinimumVisualStudioVersion = 10.0.40219.1
Project("{FAE04EC0-301F-11D3-BF4B-00C04F79EFBC}") = "FabricModEasyDevelopmentProgram", "FabricModEasyDevelopmentProgram\FabricModEasyDevelopmentProgram.csproj", "{D1573157-4EA5-4A6C-B783-914608B8D49A}"
EndProject
Global
	GlobalSection(SolutionConfigurationPlatforms) = preSolution
		Debug|Any CPU = Debug|Any CPU
		Release|Any CPU = Release|Any CPU
	EndGlobalSection
	GlobalSection(ProjectConfigurationPlatforms) = postSolution
		{D1573157-4EA5-4A6C-B783-914608B8D49A}.Debug|Any CPU.ActiveCfg = Debug|Any CPU
		{D1573157-4EA5-4A6C-B783-914608B8D49A}.Debug|Any CPU.Build.0 = Debug|Any CPU
		{D1573157-4EA5-4A6C-B783-914608B8D49A}.Release|Any CPU.ActiveCfg = Release|Any CPU
		{D1573157-4EA5-4A6C-B783-914608B8D49A}.Release|Any CPU.Build.0 = Release|Any CPU
	EndGlobalSection
	GlobalSection(SolutionProperties) = preSolution
		HideSolutionNode = FALSE
	EndGlobalSection
	GlobalSection(ExtensibilityGlobals) = postSolution
		SolutionGuid = {9D06E91D-4B00-4717-BD9E-E57B5256B7AE}
	EndGlobalSection
EndGlobal
